
Microsoft Visual Studio Solution File, Format Version 12.00
# Visual Studio Version 16
VisualStudioVersion = 16.0.30503.244
MinimumVisualStudioVersion = 10.0.40219.1
Project("{FAE04EC0-301F-11D3-BF4B-00C04F79EFBC}") = "Pomodoro", "Pomodoro\Pomodoro.csproj", "{0525E9B0-E4CC-49E9-8E38-DE12C9010F68}"
EndProject
Global
	GlobalSection(SolutionConfigurationPlatforms) = preSolution
		Debug|Any CPU = Debug|Any CPU
		Release|Any CPU = Release|Any CPU
	EndGlobalSection
	GlobalSection(ProjectConfigurationPlatforms) = postSolution
		{0525E9B0-E4CC-49E9-8E38-DE12C9010F68}.Debug|Any CPU.ActiveCfg = Debug|Any CPU
		{0525E9B0-E4CC-49E9-8E38-DE12C9010F68}.Debug|Any CPU.Build.0 = Debug|Any CPU
		{0525E9B0-E4CC-49E9-8E38-DE12C9010F68}.Release|Any CPU.ActiveCfg = Release|Any CPU
		{0525E9B0-E4CC-49E9-8E38-DE12C9010F68}.Release|Any CPU.Build.0 = Release|Any CPU
	EndGlobalSection
	GlobalSection(SolutionProperties) = preSolution
		HideSolutionNode = FALSE
	EndGlobalSection
	GlobalSection(ExtensibilityGlobals) = postSolution
		SolutionGuid = {0DD387C8-E718-4EB8-92B1-26E60CA02D60}
	EndGlobalSection
EndGlobal
